
Microsoft Visual Studio Solution File, Format Version 12.00
# Visual Studio 15
VisualStudioVersion = 15.0.26228.9
MinimumVisualStudioVersion = 10.0.40219.1
Project("{9A19103F-16F7-4668-BE54-9A1E7A4F7556}") = "ELP.WebApi", "ELP.WebApi\ELP.WebApi.csproj", "{5666FCD2-1701-4142-A6F0-08A77AE2EF7E}"
EndProject
Project("{FAE04EC0-301F-11D3-BF4B-00C04F79EFBC}") = "ELP.Model", "ELP.Model\ELP.Model.csproj", "{8067D407-3D32-4566-BFB5-6E96ABDAC6AD}"
EndProject
Project("{FAE04EC0-301F-11D3-BF4B-00C04F79EFBC}") = "ELP.Service", "ELP.Service\ELP.Service.csproj", "{8EF7B485-643C-45BC-803D-4D4D5028C0C3}"
EndProject
Project("{FAE04EC0-301F-11D3-BF4B-00C04F79EFBC}") = "ELP.Service.Tests", "ELP.Service.Tests\ELP.Service.Tests.csproj", "{C1C8FCC6-8AFB-4F59-B66E-124B966CB4F6}"
EndProject
Global
	GlobalSection(SolutionConfigurationPlatforms) = preSolution
		Debug|Any CPU = Debug|Any CPU
		Debug|x64 = Debug|x64
		Debug|x86 = Debug|x86
		Release|Any CPU = Release|Any CPU
		Release|x64 = Release|x64
		Release|x86 = Release|x86
	EndGlobalSection
	GlobalSection(ProjectConfigurationPlatforms) = postSolution
		{5666FCD2-1701-4142-A6F0-08A77AE2EF7E}.Debug|Any CPU.ActiveCfg = Debug|Any CPU
		{5666FCD2-1701-4142-A6F0-08A77AE2EF7E}.Debug|Any CPU.Build.0 = Debug|Any CPU
		{5666FCD2-1701-4142-A6F0-08A77AE2EF7E}.Debug|x64.ActiveCfg = Debug|Any CPU
		{5666FCD2-1701-4142-A6F0-08A77AE2EF7E}.Debug|x64.Build.0 = Debug|Any CPU
		{5666FCD2-1701-4142-A6F0-08A77AE2EF7E}.Debug|x86.ActiveCfg = Debug|Any CPU
		{5666FCD2-1701-4142-A6F0-08A77AE2EF7E}.Debug|x86.Build.0 = Debug|Any CPU
		{5666FCD2-1701-4142-A6F0-08A77AE2EF7E}.Release|Any CPU.ActiveCfg = Release|Any CPU
		{5666FCD2-1701-4142-A6F0-08A77AE2EF7E}.Release|Any CPU.Build.0 = Release|Any CPU
		{5666FCD2-1701-4142-A6F0-08A77AE2EF7E}.Release|x64.ActiveCfg = Release|Any CPU
		{5666FCD2-1701-4142-A6F0-08A77AE2EF7E}.Release|x64.Build.0 = Release|Any CPU
		{5666FCD2-1701-4142-A6F0-08A77AE2EF7E}.Release|x86.ActiveCfg = Release|Any CPU
		{5666FCD2-1701-4142-A6F0-08A77AE2EF7E}.Release|x86.Build.0 = Release|Any CPU
		{8067D407-3D32-4566-BFB5-6E96ABDAC6AD}.Debug|Any CPU.ActiveCfg = Debug|Any CPU
		{8067D407-3D32-4566-BFB5-6E96ABDAC6AD}.Debug|Any CPU.Build.0 = Debug|Any CPU
		{8067D407-3D32-4566-BFB5-6E96ABDAC6AD}.Debug|x64.ActiveCfg = Debug|Any CPU
		{8067D407-3D32-4566-BFB5-6E96ABDAC6AD}.Debug|x64.Build.0 = Debug|Any CPU
		{8067D407-3D32-4566-BFB5-6E96ABDAC6AD}.Debug|x86.ActiveCfg = Debug|Any CPU
		{8067D407-3D32-4566-BFB5-6E96ABDAC6AD}.Debug|x86.Build.0 = Debug|Any CPU
		{8067D407-3D32-4566-BFB5-6E96ABDAC6AD}.Release|Any CPU.ActiveCfg = Release|Any CPU
		{8067D407-3D32-4566-BFB5-6E96ABDAC6AD}.Release|Any CPU.Build.0 = Release|Any CPU
		{8067D407-3D32-4566-BFB5-6E96ABDAC6AD}.Release|x64.ActiveCfg = Release|Any CPU
		{8067D407-3D32-4566-BFB5-6E96ABDAC6AD}.Release|x64.Build.0 = Release|Any CPU
		{8067D407-3D32-4566-BFB5-6E96ABDAC6AD}.Release|x86.ActiveCfg = Release|Any CPU
		{8067D407-3D32-4566-BFB5-6E96ABDAC6AD}.Release|x86.Build.0 = Release|Any CPU
		{8EF7B485-643C-45BC-803D-4D4D5028C0C3}.Debug|Any CPU.ActiveCfg = Debug|Any CPU
		{8EF7B485-643C-45BC-803D-4D4D5028C0C3}.Debug|Any CPU.Build.0 = Debug|Any CPU
		{8EF7B485-643C-45BC-803D-4D4D5028C0C3}.Debug|x64.ActiveCfg = Debug|Any CPU
		{8EF7B485-643C-45BC-803D-4D4D5028C0C3}.Debug|x64.Build.0 = Debug|Any CPU
		{8EF7B485-643C-45BC-803D-4D4D5028C0C3}.Debug|x86.ActiveCfg = Debug|Any CPU
		{8EF7B485-643C-45BC-803D-4D4D5028C0C3}.Debug|x86.Build.0 = Debug|Any CPU
		{8EF7B485-643C-45BC-803D-4D4D5028C0C3}.Release|Any CPU.ActiveCfg = Release|Any CPU
		{8EF7B485-643C-45BC-803D-4D4D5028C0C3}.Release|Any CPU.Build.0 = Release|Any CPU
		{8EF7B485-643C-45BC-803D-4D4D5028C0C3}.Release|x64.ActiveCfg = Release|Any CPU
		{8EF7B485-643C-45BC-803D-4D4D5028C0C3}.Release|x64.Build.0 = Release|Any CPU
		{8EF7B485-643C-45BC-803D-4D4D5028C0C3}.Release|x86.ActiveCfg = Release|Any CPU
		{8EF7B485-643C-45BC-803D-4D4D5028C0C3}.Release|x86.Build.0 = Release|Any CPU
		{C1C8FCC6-8AFB-4F59-B66E-124B966CB4F6}.Debug|Any CPU.ActiveCfg = Debug|Any CPU
		{C1C8FCC6-8AFB-4F59-B66E-124B966CB4F6}.Debug|Any CPU.Build.0 = Debug|Any CPU
		{C1C8FCC6-8AFB-4F59-B66E-124B966CB4F6}.Debug|x64.ActiveCfg = Debug|Any CPU
		{C1C8FCC6-8AFB-4F59-B66E-124B966CB4F6}.Debug|x64.Build.0 = Debug|Any CPU
		{C1C8FCC6-8AFB-4F59-B66E-124B966CB4F6}.Debug|x86.ActiveCfg = Debug|Any CPU
		{C1C8FCC6-8AFB-4F59-B66E-124B966CB4F6}.Debug|x86.Build.0 = Debug|Any CPU
		{C1C8FCC6-8AFB-4F59-B66E-124B966CB4F6}.Release|Any CPU.ActiveCfg = Release|Any CPU
		{C1C8FCC6-8AFB-4F59-B66E-124B966CB4F6}.Release|Any CPU.Build.0 = Release|Any CPU
		{C1C8FCC6-8AFB-4F59-B66E-124B966CB4F6}.Release|x64.ActiveCfg = Release|Any CPU
		{C1C8FCC6-8AFB-4F59-B66E-124B966CB4F6}.Release|x64.Build.0 = Release|Any CPU
		{C1C8FCC6-8AFB-4F59-B66E-124B966CB4F6}.Release|x86.ActiveCfg = Release|Any CPU
		{C1C8FCC6-8AFB-4F59-B66E-124B966CB4F6}.Release|x86.Build.0 = Release|Any CPU
	EndGlobalSection
	GlobalSection(SolutionProperties) = preSolution
		HideSolutionNode = FALSE
	EndGlobalSection
EndGlobal
